// !$*UTF8*$!
{
	archiveVersion = 1;
	classes = {
	};
	objectVersion = 56;
	objects = {

/* Begin PBXBuildFile section */
		AA000000AA000000AA000020 /* MetAPI.swift in Sources */ = {isa = PBXBuildFile; fileRef = AA000000AA000000AA000010 /* MetAPI.swift */; };
		AA000000AA000000AA000021 /* MetScreensaverView.swift in Sources */ = {isa = PBXBuildFile; fileRef = AA000000AA000000AA000011 /* MetScreensaverView.swift */; };
		AA000000AA000000AA000023 /* ScreenSaver.framework in Frameworks */ = {isa = PBXBuildFile; fileRef = AA000000AA000000AA000013 /* ScreenSaver.framework */; };
/* End PBXBuildFile section */

/* Begin PBXFileReference section */
		AA000000AA000000AA000010 /* MetAPI.swift */ = {isa = PBXFileReference; lastKnownFileType = sourcecode.swift; path = MetAPI.swift; sourceTree = SOURCE_ROOT; };
		AA000000AA000000AA000011 /* MetScreensaverView.swift */ = {isa = PBXFileReference; lastKnownFileType = sourcecode.swift; path = MetScreensaverView.swift; sourceTree = SOURCE_ROOT; };
		AA000000AA000000AA000012 /* Info.plist */ = {isa = PBXFileReference; lastKnownFileType = text.plist.xml; path = Info.plist; sourceTree = SOURCE_ROOT; };
		AA000000AA000000AA000015 /* MetScreensaver.entitlements */ = {isa = PBXFileReference; lastKnownFileType = text.plist.entitlements; path = MetScreensaver.entitlements; sourceTree = SOURCE_ROOT; };
		AA000000AA000000AA000013 /* ScreenSaver.framework */ = {isa = PBXFileReference; lastKnownFileType = wrapper.framework; name = ScreenSaver.framework; path = System/Library/Frameworks/ScreenSaver.framework; sourceTree = SDKROOT; };
		AA000000AA000000AA000014 /* MetScreensaver.saver */ = {isa = PBXFileReference; explicitFileType = wrapper.cfbundle; includeInIndex = 0; path = MetScreensaver.saver; sourceTree = BUILT_PRODUCTS_DIR; };
/* End PBXFileReference section */

/* Begin PBXFrameworksBuildPhase section */
		AA000000AA000000AA000031 /* Frameworks */ = {
			isa = PBXFrameworksBuildPhase;
			buildActionMask = 2147483647;
			files = (
				AA000000AA000000AA000023 /* ScreenSaver.framework in Frameworks */,
			);
			runOnlyForDeploymentPostprocessing = 0;
		};
/* End PBXFrameworksBuildPhase section */

/* Begin PBXGroup section */
		AA000000AA000000AA000002 /* MetScreensaver */ = {
			isa = PBXGroup;
			children = (
				AA000000AA000000AA000003 /* Sources */,
				AA000000AA000000AA000005 /* Frameworks */,
				AA000000AA000000AA000004 /* Products */,
			);
			sourceTree = "<group>";
		};
		AA000000AA000000AA000003 /* Sources */ = {
			isa = PBXGroup;
			children = (
				AA000000AA000000AA000010 /* MetAPI.swift */,
				AA000000AA000000AA000011 /* MetScreensaverView.swift */,
				AA000000AA000000AA000012 /* Info.plist */,
				AA000000AA000000AA000015 /* MetScreensaver.entitlements */,
			);
			name = Sources;
			sourceTree = "<group>";
		};
		AA000000AA000000AA000004 /* Products */ = {
			isa = PBXGroup;
			children = (
				AA000000AA000000AA000014 /* MetScreensaver.saver */,
			);
			name = Products;
			sourceTree = "<group>";
		};
		AA000000AA000000AA000005 /* Frameworks */ = {
			isa = PBXGroup;
			children = (
				AA000000AA000000AA000013 /* ScreenSaver.framework */,
			);
			name = Frameworks;
			sourceTree = "<group>";
		};
/* End PBXGroup section */

/* Begin PBXNativeTarget section */
		AA000000AA000000AA000040 /* MetScreensaver */ = {
			isa = PBXNativeTarget;
			buildConfigurationList = AA000000AA000000AA000061 /* Build configuration list for PBXNativeTarget "MetScreensaver" */;
			buildPhases = (
				AA000000AA000000AA000030 /* Sources */,
				AA000000AA000000AA000031 /* Frameworks */,
				AA000000AA000000AA000032 /* Resources */,
			);
			buildRules = (
			);
			dependencies = (
			);
			name = MetScreensaver;
			productName = MetScreensaver;
			productReference = AA000000AA000000AA000014 /* MetScreensaver.saver */;
			productType = "com.apple.product-type.bundle";
		};
/* End PBXNativeTarget section */

/* Begin PBXProject section */
		AA000000AA000000AA000001 /* Project object */ = {
			isa = PBXProject;
			attributes = {
				BuildIndependentTargetsInParallel = 1;
				LastSwiftUpdateCheck = 1500;
				LastUpgradeCheck = 1500;
			};
			buildConfigurationList = AA000000AA000000AA000060 /* Build configuration list for PBXProject "MetScreensaver" */;
			compatibilityVersion = "Xcode 14.0";
			developmentRegion = en;
			hasScannedForEncodings = 0;
			knownRegions = (
				en,
				Base,
			);
			mainGroup = AA000000AA000000AA000002;
			productRefGroup = AA000000AA000000AA000004 /* Products */;
			projectDirPath = "";
			projectRoot = "";
			targets = (
				AA000000AA000000AA000040 /* MetScreensaver */,
			);
		};
/* End PBXProject section */

/* Begin PBXResourcesBuildPhase section */
		AA000000AA000000AA000032 /* Resources */ = {
			isa = PBXResourcesBuildPhase;
			buildActionMask = 2147483647;
			files = (
			);
			runOnlyForDeploymentPostprocessing = 0;
		};
/* End PBXResourcesBuildPhase section */

/* Begin PBXSourcesBuildPhase section */
		AA000000AA000000AA000030 /* Sources */ = {
			isa = PBXSourcesBuildPhase;
			buildActionMask = 2147483647;
			files = (
				AA000000AA000000AA000020 /* MetAPI.swift in Sources */,
				AA000000AA000000AA000021 /* MetScreensaverView.swift in Sources */,
			);
			runOnlyForDeploymentPostprocessing = 0;
		};
/* End PBXSourcesBuildPhase section */

/* Begin XCBuildConfiguration section */
		AA000000AA000000AA000050 /* Debug */ = {
			isa = XCBuildConfiguration;
			buildSettings = {
				ALWAYS_SEARCH_USER_PATHS = NO;
				CLANG_ENABLE_MODULES = YES;
				CLANG_ENABLE_OBJC_ARC = YES;
				CLANG_ENABLE_OBJC_WEAK = YES;
				CLANG_WARN_BLOCK_CAPTURE_AUTORELEASING = YES;
				CLANG_WARN_BOOL_CONVERSION = YES;
				CLANG_WARN_CONSTANT_CONVERSION = YES;
				CLANG_WARN_DEPRECATED_OBJC_IMPLEMENTATIONS = YES;
				CLANG_WARN_DIRECT_OBJC_ISA_USAGE = YES_ERROR;
				CLANG_WARN_EMPTY_BODY = YES;
				CLANG_WARN_ENUM_CONVERSION = YES;
				CLANG_WARN_INT_CONVERSION = YES;
				CLANG_WARN_OBJC_ROOT_CLASS = YES_ERROR;
				CLANG_WARN_UNREACHABLE_CODE = YES;
				COPY_PHASE_STRIP = NO;
				DEBUG_INFORMATION_FORMAT = dwarf;
				ENABLE_STRICT_OBJC_MSGSEND = YES;
				ENABLE_TESTABILITY = YES;
				GCC_C_LANGUAGE_STANDARD = gnu17;
				GCC_DYNAMIC_NO_PIC = NO;
				GCC_NO_COMMON_BLOCKS = YES;
				GCC_OPTIMIZATION_LEVEL = 0;
				GCC_PREPROCESSOR_DEFINITIONS = (
					"DEBUG=1",
					"$(inherited)",
				);
				GCC_WARN_64_TO_32_BIT_CONVERSION = YES;
				GCC_WARN_ABOUT_RETURN_TYPE = YES_ERROR;
				GCC_WARN_UNDECLARED_SELECTOR = YES;
				GCC_WARN_UNINITIALIZED_AUTOS = YES_AGGRESSIVE;
				GCC_WARN_UNUSED_FUNCTION = YES;
				GCC_WARN_UNUSED_VARIABLE = YES;
				MACOSX_DEPLOYMENT_TARGET = 13.0;
				ONLY_ACTIVE_ARCH = YES;
				SDKROOT = macosx;
				SWIFT_ACTIVE_COMPILATION_CONDITIONS = DEBUG;
				SWIFT_OPTIMIZATION_LEVEL = "-Onone";
				SWIFT_STRICT_CONCURRENCY = targeted;
			};
			name = Debug;
		};
		AA000000AA000000AA000051 /* Release */ = {
			isa = XCBuildConfiguration;
			buildSettings = {
				ALWAYS_SEARCH_USER_PATHS = NO;
				CLANG_ENABLE_MODULES = YES;
				CLANG_ENABLE_OBJC_ARC = YES;
				CLANG_ENABLE_OBJC_WEAK = YES;
				CLANG_WARN_BLOCK_CAPTURE_AUTORELEASING = YES;
				CLANG_WARN_BOOL_CONVERSION = YES;
				CLANG_WARN_CONSTANT_CONVERSION = YES;
				CLANG_WARN_DEPRECATED_OBJC_IMPLEMENTATIONS = YES;
				CLANG_WARN_DIRECT_OBJC_ISA_USAGE = YES_ERROR;
				CLANG_WARN_EMPTY_BODY = YES;
				CLANG_WARN_ENUM_CONVERSION = YES;
				CLANG_WARN_INT_CONVERSION = YES;
				CLANG_WARN_OBJC_ROOT_CLASS = YES_ERROR;
				CLANG_WARN_UNREACHABLE_CODE = YES;
				COPY_PHASE_STRIP = NO;
				DEBUG_INFORMATION_FORMAT = "dwarf-with-dsym";
				ENABLE_NS_ASSERTIONS = NO;
				ENABLE_STRICT_OBJC_MSGSEND = YES;
				GCC_C_LANGUAGE_STANDARD = gnu17;
				GCC_NO_COMMON_BLOCKS = YES;
				GCC_WARN_64_TO_32_BIT_CONVERSION = YES;
				GCC_WARN_ABOUT_RETURN_TYPE = YES_ERROR;
				GCC_WARN_UNDECLARED_SELECTOR = YES;
				GCC_WARN_UNINITIALIZED_AUTOS = YES_AGGRESSIVE;
				GCC_WARN_UNUSED_FUNCTION = YES;
				GCC_WARN_UNUSED_VARIABLE = YES;
				MACOSX_DEPLOYMENT_TARGET = 13.0;
				SDKROOT = macosx;
				SWIFT_COMPILATION_MODE = wholemodule;
				SWIFT_OPTIMIZATION_LEVEL = "-O";
				SWIFT_STRICT_CONCURRENCY = targeted;
			};
			name = Release;
		};
		AA000000AA000000AA000052 /* Debug */ = {
			isa = XCBuildConfiguration;
			buildSettings = {
				CODE_SIGN_ENTITLEMENTS = MetScreensaver.entitlements;
				CODE_SIGN_IDENTITY = "-";
				CODE_SIGN_STYLE = Manual;
				COMBINE_HIDPI_IMAGES = YES;
				DEVELOPMENT_TEAM = "";
				INFOPLIST_FILE = Info.plist;
				PRODUCT_BUNDLE_IDENTIFIER = com.miles.MetScreensaver;
				PRODUCT_NAME = MetScreensaver;
				SKIP_INSTALL = YES;
				SWIFT_VERSION = 5.0;
				WRAPPER_EXTENSION = saver;
			};
			name = Debug;
		};
		AA000000AA000000AA000053 /* Release */ = {
			isa = XCBuildConfiguration;
			buildSettings = {
				CODE_SIGN_ENTITLEMENTS = MetScreensaver.entitlements;
				CODE_SIGN_IDENTITY = "-";
				CODE_SIGN_STYLE = Manual;
				COMBINE_HIDPI_IMAGES = YES;
				DEVELOPMENT_TEAM = "";
				INFOPLIST_FILE = Info.plist;
				PRODUCT_BUNDLE_IDENTIFIER = com.miles.MetScreensaver;
				PRODUCT_NAME = MetScreensaver;
				SKIP_INSTALL = NO;
				SWIFT_VERSION = 5.0;
				WRAPPER_EXTENSION = saver;
			};
			name = Release;
		};
/* End XCBuildConfiguration section */

/* Begin XCConfigurationList section */
		AA000000AA000000AA000060 /* Build configuration list for PBXProject "MetScreensaver" */ = {
			isa = XCConfigurationList;
			buildConfigurations = (
				AA000000AA000000AA000050 /* Debug */,
				AA000000AA000000AA000051 /* Release */,
			);
			defaultConfigurationIsVisible = 0;
			defaultConfigurationName = Release;
		};
		AA000000AA000000AA000061 /* Build configuration list for PBXNativeTarget "MetScreensaver" */ = {
			isa = XCConfigurationList;
			buildConfigurations = (
				AA000000AA000000AA000052 /* Debug */,
				AA000000AA000000AA000053 /* Release */,
			);
			defaultConfigurationIsVisible = 0;
			defaultConfigurationName = Release;
		};
/* End XCConfigurationList section */

	};
	rootObject = AA000000AA000000AA000001 /* Project object */;
}
